
Microsoft Visual Studio Solution File, Format Version 12.00
# Visual Studio Version 16
VisualStudioVersion = 16.0.31005.135
MinimumVisualStudioVersion = 10.0.40219.1
Project("{FAE04EC0-301F-11D3-BF4B-00C04F79EFBC}") = "ShopOnline", "ShopOnline\ShopOnline.csproj", "{BEDD2563-622A-4CCF-90F7-BF092A650156}"
EndProject
Global
	GlobalSection(SolutionConfigurationPlatforms) = preSolution
		Debug|Any CPU = Debug|Any CPU
		Release|Any CPU = Release|Any CPU
	EndGlobalSection
	GlobalSection(ProjectConfigurationPlatforms) = postSolution
		{BEDD2563-622A-4CCF-90F7-BF092A650156}.Debug|Any CPU.ActiveCfg = Debug|Any CPU
		{BEDD2563-622A-4CCF-90F7-BF092A650156}.Debug|Any CPU.Build.0 = Debug|Any CPU
		{BEDD2563-622A-4CCF-90F7-BF092A650156}.Release|Any CPU.ActiveCfg = Release|Any CPU
		{BEDD2563-622A-4CCF-90F7-BF092A650156}.Release|Any CPU.Build.0 = Release|Any CPU
	EndGlobalSection
	GlobalSection(SolutionProperties) = preSolution
		HideSolutionNode = FALSE
	EndGlobalSection
	GlobalSection(ExtensibilityGlobals) = postSolution
		SolutionGuid = {E887ECE4-6082-41E7-8F48-17B8DD84CE4C}
	EndGlobalSection
EndGlobal
